
Microsoft Visual Studio Solution File, Format Version 12.00
# Visual Studio Version 17
VisualStudioVersion = 17.8.34511.84
MinimumVisualStudioVersion = 10.0.40219.1
Project("{FAE04EC0-301F-11D3-BF4B-00C04F79EFBC}") = "Conseitos basicos", "Conseitos basicos\Conseitos basicos.csproj", "{17640831-706B-4E5A-A95C-897EEE380D4F}"
EndProject
Global
	GlobalSection(SolutionConfigurationPlatforms) = preSolution
		Debug|Any CPU = Debug|Any CPU
		Release|Any CPU = Release|Any CPU
	EndGlobalSection
	GlobalSection(ProjectConfigurationPlatforms) = postSolution
		{17640831-706B-4E5A-A95C-897EEE380D4F}.Debug|Any CPU.ActiveCfg = Debug|Any CPU
		{17640831-706B-4E5A-A95C-897EEE380D4F}.Debug|Any CPU.Build.0 = Debug|Any CPU
		{17640831-706B-4E5A-A95C-897EEE380D4F}.Release|Any CPU.ActiveCfg = Release|Any CPU
		{17640831-706B-4E5A-A95C-897EEE380D4F}.Release|Any CPU.Build.0 = Release|Any CPU
	EndGlobalSection
	GlobalSection(SolutionProperties) = preSolution
		HideSolutionNode = FALSE
	EndGlobalSection
	GlobalSection(ExtensibilityGlobals) = postSolution
		SolutionGuid = {7D6D8620-FE26-46AD-AEA4-B278253026DC}
	EndGlobalSection
EndGlobal
